
Microsoft Visual Studio Solution File, Format Version 12.00
# Visual Studio Version 16
VisualStudioVersion = 16.0.28803.156
MinimumVisualStudioVersion = 10.0.40219.1
Project("{9092AA53-FB77-4645-B42D-1CCCA6BD08BD}") = "SoubraServer", "SoubraServer\SoubraServer.njsproj", "{26D02DB0-8D91-4F88-AD9E-112002B8BF9A}"
EndProject
Global
	GlobalSection(SolutionConfigurationPlatforms) = preSolution
		Debug|Any CPU = Debug|Any CPU
		Release|Any CPU = Release|Any CPU
	EndGlobalSection
	GlobalSection(ProjectConfigurationPlatforms) = postSolution
		{26D02DB0-8D91-4F88-AD9E-112002B8BF9A}.Debug|Any CPU.ActiveCfg = Debug|Any CPU
		{26D02DB0-8D91-4F88-AD9E-112002B8BF9A}.Debug|Any CPU.Build.0 = Debug|Any CPU
		{26D02DB0-8D91-4F88-AD9E-112002B8BF9A}.Release|Any CPU.ActiveCfg = Release|Any CPU
		{26D02DB0-8D91-4F88-AD9E-112002B8BF9A}.Release|Any CPU.Build.0 = Release|Any CPU
	EndGlobalSection
	GlobalSection(SolutionProperties) = preSolution
		HideSolutionNode = FALSE
	EndGlobalSection
	GlobalSection(ExtensibilityGlobals) = postSolution
		SolutionGuid = {F24BEEFE-4E91-4AED-8D61-4A0C333D62DD}
	EndGlobalSection
EndGlobal
